PODS:
  - Contentful (5.0.9):
    - Contentful/ImageOptions (= 5.0.9)
  - Contentful/ImageOptions (5.0.9)
  - flowe-focus-ios (0.1.3):
    - Contentful (~> 5.0.8)
    - URLImage (~> 0.9.12)
  - URLImage (0.9.13)

DEPENDENCIES:
  - Contentful (from `https://github.com/alessandromaroso/contentful.swift.git`)
  - flowe-focus-ios

SPEC REPOS:
  "git@gitlab.com:rawfish/flowe/flowe-focus-specs.git":
    - flowe-focus-ios
  https://github.com/CocoaPods/Specs.git:
    - URLImage

EXTERNAL SOURCES:
  Contentful:
    :git: https://github.com/alessandromaroso/contentful.swift.git

CHECKOUT OPTIONS:
  Contentful:
    :commit: 47e480e9ce3255192565cf515ceb4750231d3f05
    :git: https://github.com/alessandromaroso/contentful.swift.git

SPEC CHECKSUMS:
  Contentful: 5daee666843139c0b1f0a239b97ea54737c9777f
  flowe-focus-ios: 5dfc0de01c9a9758b2ca22a7ca81bbe197c5bbb3
  URLImage: bc851af67404bd3e8680269770d5a2c9dfaacaf2

PODFILE CHECKSUM: 679dc430179570e2b80d95dd871614dced756359

COCOAPODS: 1.9.1
