// !$*UTF8*$!
{
	archiveVersion = 1;
	classes = {
	};
	objectVersion = 50;
	objects = {

/* Begin PBXBuildFile section */
		4E9267C7243F60D600D5279E /* AppDelegate.swift in Sources */ = {isa = PBXBuildFile; fileRef = 4E9267C6243F60D600D5279E /* AppDelegate.swift */; };
		4E9267C9243F60D600D5279E /* SceneDelegate.swift in Sources */ = {isa = PBXBuildFile; fileRef = 4E9267C8243F60D600D5279E /* SceneDelegate.swift */; };
		4E9267CB243F60D600D5279E /* ContentView.swift in Sources */ = {isa = PBXBuildFile; fileRef = 4E9267CA243F60D600D5279E /* ContentView.swift */; };
		4E9267CD243F60D700D5279E /* Assets.xcassets in Resources */ = {isa = PBXBuildFile; fileRef = 4E9267CC243F60D700D5279E /* Assets.xcassets */; };
		4E9267D0243F60D700D5279E /* Preview Assets.xcassets in Resources */ = {isa = PBXBuildFile; fileRef = 4E9267CF243F60D700D5279E /* Preview Assets.xcassets */; };
		4E9267D3243F60D700D5279E /* LaunchScreen.storyboard in Resources */ = {isa = PBXBuildFile; fileRef = 4E9267D1243F60D700D5279E /* LaunchScreen.storyboard */; };
		4E9267E5243F63E900D5279E /* Contentful.framework in Frameworks */ = {isa = PBXBuildFile; fileRef = 4E9267DA243F63A200D5279E /* Contentful.framework */; };
		4E9267E6243F63E900D5279E /* Contentful.framework in Embed Frameworks */ = {isa = PBXBuildFile; fileRef = 4E9267DA243F63A200D5279E /* Contentful.framework */; settings = {ATTRIBUTES = (CodeSignOnCopy, RemoveHeadersOnCopy, ); }; };
		4E9267E8243F63EA00D5279E /* flowe_focus_ios.framework in Frameworks */ = {isa = PBXBuildFile; fileRef = 4E9267E3243F63CD00D5279E /* flowe_focus_ios.framework */; };
		4E9267E9243F63EA00D5279E /* flowe_focus_ios.framework in Embed Frameworks */ = {isa = PBXBuildFile; fileRef = 4E9267E3243F63CD00D5279E /* flowe_focus_ios.framework */; settings = {ATTRIBUTES = (CodeSignOnCopy, RemoveHeadersOnCopy, ); }; };
		4E9267EA243F63EC00D5279E /* URLImage.framework in Frameworks */ = {isa = PBXBuildFile; fileRef = 4E9267E1243F63C300D5279E /* URLImage.framework */; };
		4E9267EB243F63EC00D5279E /* URLImage.framework in Embed Frameworks */ = {isa = PBXBuildFile; fileRef = 4E9267E1243F63C300D5279E /* URLImage.framework */; settings = {ATTRIBUTES = (CodeSignOnCopy, RemoveHeadersOnCopy, ); }; };
/* End PBXBuildFile section */

/* Begin PBXCopyFilesBuildPhase section */
		4E9267E7243F63E900D5279E /* Embed Frameworks */ = {
			isa = PBXCopyFilesBuildPhase;
			buildActionMask = 2147483647;
			dstPath = "";
			dstSubfolderSpec = 10;
			files = (
				4E9267E6243F63E900D5279E /* Contentful.framework in Embed Frameworks */,
				4E9267EB243F63EC00D5279E /* URLImage.framework in Embed Frameworks */,
				4E9267E9243F63EA00D5279E /* flowe_focus_ios.framework in Embed Frameworks */,
			);
			name = "Embed Frameworks";
			runOnlyForDeploymentPostprocessing = 0;
		};
/* End PBXCopyFilesBuildPhase section */

/* Begin PBXFileReference section */
		4E9267C3243F60D600D5279E /* flowe-focus-integration-example.app */ = {isa = PBXFileReference; explicitFileType = wrapper.application; includeInIndex = 0; path = "flowe-focus-integration-example.app"; sourceTree = BUILT_PRODUCTS_DIR; };
		4E9267C6243F60D600D5279E /* AppDelegate.swift */ = {isa = PBXFileReference; lastKnownFileType = sourcecode.swift; path = AppDelegate.swift; sourceTree = "<group>"; };
		4E9267C8243F60D600D5279E /* SceneDelegate.swift */ = {isa = PBXFileReference; lastKnownFileType = sourcecode.swift; path = SceneDelegate.swift; sourceTree = "<group>"; };
		4E9267CA243F60D600D5279E /* ContentView.swift */ = {isa = PBXFileReference; lastKnownFileType = sourcecode.swift; path = ContentView.swift; sourceTree = "<group>"; };
		4E9267CC243F60D700D5279E /* Assets.xcassets */ = {isa = PBXFileReference; lastKnownFileType = folder.assetcatalog; path = Assets.xcassets; sourceTree = "<group>"; };
		4E9267CF243F60D700D5279E /* Preview Assets.xcassets */ = {isa = PBXFileReference; lastKnownFileType = folder.assetcatalog; path = "Preview Assets.xcassets"; sourceTree = "<group>"; };
		4E9267D2243F60D700D5279E /* Base */ = {isa = PBXFileReference; lastKnownFileType = file.storyboard; name = Base; path = Base.lproj/LaunchScreen.storyboard; sourceTree = "<group>"; };
		4E9267D4243F60D700D5279E /* Info.plist */ = {isa = PBXFileReference; lastKnownFileType = text.plist.xml; path = Info.plist; sourceTree = "<group>"; };
		4E9267DA243F63A200D5279E /* Contentful.framework */ = {isa = PBXFileReference; lastKnownFileType = wrapper.framework; path = Contentful.framework; sourceTree = "<group>"; };
		4E9267E1243F63C300D5279E /* URLImage.framework */ = {isa = PBXFileReference; lastKnownFileType = wrapper.framework; path = URLImage.framework; sourceTree = "<group>"; };
		4E9267E3243F63CD00D5279E /* flowe_focus_ios.framework */ = {isa = PBXFileReference; lastKnownFileType = wrapper.framework; path = flowe_focus_ios.framework; sourceTree = "<group>"; };
/* End PBXFileReference section */

/* Begin PBXFrameworksBuildPhase section */
		4E9267C0243F60D600D5279E /* Frameworks */ = {
			isa = PBXFrameworksBuildPhase;
			buildActionMask = 2147483647;
			files = (
				4E9267E5243F63E900D5279E /* Contentful.framework in Frameworks */,
				4E9267EA243F63EC00D5279E /* URLImage.framework in Frameworks */,
				4E9267E8243F63EA00D5279E /* flowe_focus_ios.framework in Frameworks */,
			);
			runOnlyForDeploymentPostprocessing = 0;
		};
/* End PBXFrameworksBuildPhase section */

/* Begin PBXGroup section */
		4E9267BA243F60D600D5279E = {
			isa = PBXGroup;
			children = (
				4E9267C5243F60D600D5279E /* flowe-focus-integration-example */,
				4E9267C4243F60D600D5279E /* Products */,
			);
			sourceTree = "<group>";
		};
		4E9267C4243F60D600D5279E /* Products */ = {
			isa = PBXGroup;
			children = (
				4E9267C3243F60D600D5279E /* flowe-focus-integration-example.app */,
			);
			name = Products;
			sourceTree = "<group>";
		};
		4E9267C5243F60D600D5279E /* flowe-focus-integration-example */ = {
			isa = PBXGroup;
			children = (
				4E9267C6243F60D600D5279E /* AppDelegate.swift */,
				4E9267C8243F60D600D5279E /* SceneDelegate.swift */,
				4E9267CA243F60D600D5279E /* ContentView.swift */,
				4E9267CC243F60D700D5279E /* Assets.xcassets */,
				4E9267E3243F63CD00D5279E /* flowe_focus_ios.framework */,
				4E9267DA243F63A200D5279E /* Contentful.framework */,
				4E9267E1243F63C300D5279E /* URLImage.framework */,
				4E9267D1243F60D700D5279E /* LaunchScreen.storyboard */,
				4E9267D4243F60D700D5279E /* Info.plist */,
				4E9267CE243F60D700D5279E /* Preview Content */,
			);
			path = "flowe-focus-integration-example";
			sourceTree = "<group>";
		};
		4E9267CE243F60D700D5279E /* Preview Content */ = {
			isa = PBXGroup;
			children = (
				4E9267CF243F60D700D5279E /* Preview Assets.xcassets */,
			);
			path = "Preview Content";
			sourceTree = "<group>";
		};
/* End PBXGroup section */

/* Begin PBXNativeTarget section */
		4E9267C2243F60D600D5279E /* flowe-focus-integration-example */ = {
			isa = PBXNativeTarget;
			buildConfigurationList = 4E9267D7243F60D700D5279E /* Build configuration list for PBXNativeTarget "flowe-focus-integration-example" */;
			buildPhases = (
				4E9267BF243F60D600D5279E /* Sources */,
				4E9267C0243F60D600D5279E /* Frameworks */,
				4E9267C1243F60D600D5279E /* Resources */,
				4E9267E7243F63E900D5279E /* Embed Frameworks */,
			);
			buildRules = (
			);
			dependencies = (
			);
			name = "flowe-focus-integration-example";
			productName = "flowe-focus-integration-example";
			productReference = 4E9267C3243F60D600D5279E /* flowe-focus-integration-example.app */;
			productType = "com.apple.product-type.application";
		};
/* End PBXNativeTarget section */

/* Begin PBXProject section */
		4E9267BB243F60D600D5279E /* Project object */ = {
			isa = PBXProject;
			attributes = {
				LastSwiftUpdateCheck = 1140;
				LastUpgradeCheck = 1140;
				ORGANIZATIONNAME = Rawfish;
				TargetAttributes = {
					4E9267C2243F60D600D5279E = {
						CreatedOnToolsVersion = 11.4;
					};
				};
			};
			buildConfigurationList = 4E9267BE243F60D600D5279E /* Build configuration list for PBXProject "flowe-focus-integration-example" */;
			compatibilityVersion = "Xcode 9.3";
			developmentRegion = en;
			hasScannedForEncodings = 0;
			knownRegions = (
				en,
				Base,
			);
			mainGroup = 4E9267BA243F60D600D5279E;
			productRefGroup = 4E9267C4243F60D600D5279E /* Products */;
			projectDirPath = "";
			projectRoot = "";
			targets = (
				4E9267C2243F60D600D5279E /* flowe-focus-integration-example */,
			);
		};
/* End PBXProject section */

/* Begin PBXResourcesBuildPhase section */
		4E9267C1243F60D600D5279E /* Resources */ = {
			isa = PBXResourcesBuildPhase;
			buildActionMask = 2147483647;
			files = (
				4E9267D3243F60D700D5279E /* LaunchScreen.storyboard in Resources */,
				4E9267D0243F60D700D5279E /* Preview Assets.xcassets in Resources */,
				4E9267CD243F60D700D5279E /* Assets.xcassets in Resources */,
			);
			runOnlyForDeploymentPostprocessing = 0;
		};
/* End PBXResourcesBuildPhase section */

/* Begin PBXSourcesBuildPhase section */
		4E9267BF243F60D600D5279E /* Sources */ = {
			isa = PBXSourcesBuildPhase;
			buildActionMask = 2147483647;
			files = (
				4E9267C7243F60D600D5279E /* AppDelegate.swift in Sources */,
				4E9267C9243F60D600D5279E /* SceneDelegate.swift in Sources */,
				4E9267CB243F60D600D5279E /* ContentView.swift in Sources */,
			);
			runOnlyForDeploymentPostprocessing = 0;
		};
/* End PBXSourcesBuildPhase section */

/* Begin PBXVariantGroup section */
		4E9267D1243F60D700D5279E /* LaunchScreen.storyboard */ = {
			isa = PBXVariantGroup;
			children = (
				4E9267D2243F60D700D5279E /* Base */,
			);
			name = LaunchScreen.storyboard;
			sourceTree = "<group>";
		};
/* End PBXVariantGroup section */

/* Begin XCBuildConfiguration section */
		4E9267D5243F60D700D5279E /* Debug */ = {
			isa = XCBuildConfiguration;
			buildSettings = {
				ALWAYS_SEARCH_USER_PATHS = NO;
				CLANG_ANALYZER_NONNULL = YES;
				CLANG_ANALYZER_NUMBER_OBJECT_CONVERSION = YES_AGGRESSIVE;
				CLANG_CXX_LANGUAGE_STANDARD = "gnu++14";
				CLANG_CXX_LIBRARY = "libc++";
				CLANG_ENABLE_MODULES = YES;
				CLANG_ENABLE_OBJC_ARC = YES;
				CLANG_ENABLE_OBJC_WEAK = YES;
				CLANG_WARN_BLOCK_CAPTURE_AUTORELEASING = YES;
				CLANG_WARN_BOOL_CONVERSION = YES;
				CLANG_WARN_COMMA = YES;
				CLANG_WARN_CONSTANT_CONVERSION = YES;
				CLANG_WARN_DEPRECATED_OBJC_IMPLEMENTATIONS = YES;
				CLANG_WARN_DIRECT_OBJC_ISA_USAGE = YES_ERROR;
				CLANG_WARN_DOCUMENTATION_COMMENTS = YES;
				CLANG_WARN_EMPTY_BODY = YES;
				CLANG_WARN_ENUM_CONVERSION = YES;
				CLANG_WARN_INFINITE_RECURSION = YES;
				CLANG_WARN_INT_CONVERSION = YES;
				CLANG_WARN_NON_LITERAL_NULL_CONVERSION = YES;
				CLANG_WARN_OBJC_IMPLICIT_RETAIN_SELF = YES;
				CLANG_WARN_OBJC_LITERAL_CONVERSION = YES;
				CLANG_WARN_OBJC_ROOT_CLASS = YES_ERROR;
				CLANG_WARN_RANGE_LOOP_ANALYSIS = YES;
				CLANG_WARN_STRICT_PROTOTYPES = YES;
				CLANG_WARN_SUSPICIOUS_MOVE = YES;
				CLANG_WARN_UNGUARDED_AVAILABILITY = YES_AGGRESSIVE;
				CLANG_WARN_UNREACHABLE_CODE = YES;
				CLANG_WARN__DUPLICATE_METHOD_MATCH = YES;
				COPY_PHASE_STRIP = NO;
				DEBUG_INFORMATION_FORMAT = dwarf;
				ENABLE_STRICT_OBJC_MSGSEND = YES;
				ENABLE_TESTABILITY = YES;
				GCC_C_LANGUAGE_STANDARD = gnu11;
				GCC_DYNAMIC_NO_PIC = NO;
				GCC_NO_COMMON_BLOCKS = YES;
				GCC_OPTIMIZATION_LEVEL = 0;
				GCC_PREPROCESSOR_DEFINITIONS = (
					"DEBUG=1",
					"$(inherited)",
				);
				GCC_WARN_64_TO_32_BIT_CONVERSION = YES;
				GCC_WARN_ABOUT_RETURN_TYPE = YES_ERROR;
				GCC_WARN_UNDECLARED_SELECTOR = YES;
				GCC_WARN_UNINITIALIZED_AUTOS = YES_AGGRESSIVE;
				GCC_WARN_UNUSED_FUNCTION = YES;
				GCC_WARN_UNUSED_VARIABLE = YES;
				IPHONEOS_DEPLOYMENT_TARGET = 13.4;
				MTL_ENABLE_DEBUG_INFO = INCLUDE_SOURCE;
				MTL_FAST_MATH = YES;
				ONLY_ACTIVE_ARCH = YES;
				SDKROOT = iphoneos;
				SWIFT_ACTIVE_COMPILATION_CONDITIONS = DEBUG;
				SWIFT_OPTIMIZATION_LEVEL = "-Onone";
			};
			name = Debug;
		};
		4E9267D6243F60D700D5279E /* Release */ = {
			isa = XCBuildConfiguration;
			buildSettings = {
				ALWAYS_SEARCH_USER_PATHS = NO;
				CLANG_ANALYZER_NONNULL = YES;
				CLANG_ANALYZER_NUMBER_OBJECT_CONVERSION = YES_AGGRESSIVE;
				CLANG_CXX_LANGUAGE_STANDARD = "gnu++14";
				CLANG_CXX_LIBRARY = "libc++";
				CLANG_ENABLE_MODULES = YES;
				CLANG_ENABLE_OBJC_ARC = YES;
				CLANG_ENABLE_OBJC_WEAK = YES;
				CLANG_WARN_BLOCK_CAPTURE_AUTORELEASING = YES;
				CLANG_WARN_BOOL_CONVERSION = YES;
				CLANG_WARN_COMMA = YES;
				CLANG_WARN_CONSTANT_CONVERSION = YES;
				CLANG_WARN_DEPRECATED_OBJC_IMPLEMENTATIONS = YES;
				CLANG_WARN_DIRECT_OBJC_ISA_USAGE = YES_ERROR;
				CLANG_WARN_DOCUMENTATION_COMMENTS = YES;
				CLANG_WARN_EMPTY_BODY = YES;
				CLANG_WARN_ENUM_CONVERSION = YES;
				CLANG_WARN_INFINITE_RECURSION = YES;
				CLANG_WARN_INT_CONVERSION = YES;
				CLANG_WARN_NON_LITERAL_NULL_CONVERSION = YES;
				CLANG_WARN_OBJC_IMPLICIT_RETAIN_SELF = YES;
				CLANG_WARN_OBJC_LITERAL_CONVERSION = YES;
				CLANG_WARN_OBJC_ROOT_CLASS = YES_ERROR;
				CLANG_WARN_RANGE_LOOP_ANALYSIS = YES;
				CLANG_WARN_STRICT_PROTOTYPES = YES;
				CLANG_WARN_SUSPICIOUS_MOVE = YES;
				CLANG_WARN_UNGUARDED_AVAILABILITY = YES_AGGRESSIVE;
				CLANG_WARN_UNREACHABLE_CODE = YES;
				CLANG_WARN__DUPLICATE_METHOD_MATCH = YES;
				COPY_PHASE_STRIP = NO;
				DEBUG_INFORMATION_FORMAT = "dwarf-with-dsym";
				ENABLE_NS_ASSERTIONS = NO;
				ENABLE_STRICT_OBJC_MSGSEND = YES;
				GCC_C_LANGUAGE_STANDARD = gnu11;
				GCC_NO_COMMON_BLOCKS = YES;
				GCC_WARN_64_TO_32_BIT_CONVERSION = YES;
				GCC_WARN_ABOUT_RETURN_TYPE = YES_ERROR;
				GCC_WARN_UNDECLARED_SELECTOR = YES;
				GCC_WARN_UNINITIALIZED_AUTOS = YES_AGGRESSIVE;
				GCC_WARN_UNUSED_FUNCTION = YES;
				GCC_WARN_UNUSED_VARIABLE = YES;
				IPHONEOS_DEPLOYMENT_TARGET = 13.4;
				MTL_ENABLE_DEBUG_INFO = NO;
				MTL_FAST_MATH = YES;
				SDKROOT = iphoneos;
				SWIFT_COMPILATION_MODE = wholemodule;
				SWIFT_OPTIMIZATION_LEVEL = "-O";
				VALIDATE_PRODUCT = YES;
			};
			name = Release;
		};
		4E9267D8243F60D700D5279E /* Debug */ = {
			isa = XCBuildConfiguration;
			buildSettings = {
				ASSETCATALOG_COMPILER_APPICON_NAME = AppIcon;
				CODE_SIGN_STYLE = Automatic;
				DEVELOPMENT_ASSET_PATHS = "\"flowe-focus-integration-example/Preview Content\"";
				DEVELOPMENT_TEAM = VGG2S5UZEJ;
				ENABLE_PREVIEWS = YES;
				FRAMEWORK_SEARCH_PATHS = (
					"$(inherited)",
					"$(PROJECT_DIR)/flowe-focus-integration-example",
					"$(PROJECT_DIR)/flowe-focus-integration-example/flowe-focus-ios",
				);
				INFOPLIST_FILE = "flowe-focus-integration-example/Info.plist";
				IPHONEOS_DEPLOYMENT_TARGET = 13.0;
				LD_RUNPATH_SEARCH_PATHS = (
					"$(inherited)",
					"@executable_path/Frameworks",
				);
				PRODUCT_BUNDLE_IDENTIFIER = "com.rawfish.flowe-focus-integration-example";
				PRODUCT_NAME = "$(TARGET_NAME)";
				SWIFT_VERSION = 5.0;
				TARGETED_DEVICE_FAMILY = "1,2";
			};
			name = Debug;
		};
		4E9267D9243F60D700D5279E /* Release */ = {
			isa = XCBuildConfiguration;
			buildSettings = {
				ASSETCATALOG_COMPILER_APPICON_NAME = AppIcon;
				CODE_SIGN_STYLE = Automatic;
				DEVELOPMENT_ASSET_PATHS = "\"flowe-focus-integration-example/Preview Content\"";
				DEVELOPMENT_TEAM = VGG2S5UZEJ;
				ENABLE_PREVIEWS = YES;
				FRAMEWORK_SEARCH_PATHS = (
					"$(inherited)",
					"$(PROJECT_DIR)/flowe-focus-integration-example",
					"$(PROJECT_DIR)/flowe-focus-integration-example/flowe-focus-ios",
				);
				INFOPLIST_FILE = "flowe-focus-integration-example/Info.plist";
				IPHONEOS_DEPLOYMENT_TARGET = 13.0;
				LD_RUNPATH_SEARCH_PATHS = (
					"$(inherited)",
					"@executable_path/Frameworks",
				);
				PRODUCT_BUNDLE_IDENTIFIER = "com.rawfish.flowe-focus-integration-example";
				PRODUCT_NAME = "$(TARGET_NAME)";
				SWIFT_VERSION = 5.0;
				TARGETED_DEVICE_FAMILY = "1,2";
			};
			name = Release;
		};
/* End XCBuildConfiguration section */

/* Begin XCConfigurationList section */
		4E9267BE243F60D600D5279E /* Build configuration list for PBXProject "flowe-focus-integration-example" */ = {
			isa = XCConfigurationList;
			buildConfigurations = (
				4E9267D5243F60D700D5279E /* Debug */,
				4E9267D6243F60D700D5279E /* Release */,
			);
			defaultConfigurationIsVisible = 0;
			defaultConfigurationName = Release;
		};
		4E9267D7243F60D700D5279E /* Build configuration list for PBXNativeTarget "flowe-focus-integration-example" */ = {
			isa = XCConfigurationList;
			buildConfigurations = (
				4E9267D8243F60D700D5279E /* Debug */,
				4E9267D9243F60D700D5279E /* Release */,
			);
			defaultConfigurationIsVisible = 0;
			defaultConfigurationName = Release;
		};
/* End XCConfigurationList section */
	};
	rootObject = 4E9267BB243F60D600D5279E /* Project object */;
}
